{
  "version": "4",
  "specifiers": {
    "jsr:@std/assert@1": "1.0.6",
    "jsr:@std/bytes@^1.0.2": "1.0.2",
    "jsr:@std/csv@*": "1.0.3",
    "jsr:@std/internal@^1.0.4": "1.0.4",
    "jsr:@std/streams@^1.0.4": "1.0.6"
  },
  "jsr": {
    "@std/assert@1.0.6": {
      "integrity": "1904c05806a25d94fe791d6d883b685c9e2dcd60e4f9fc30f4fc5cf010c72207",
      "dependencies": [
        "jsr:@std/internal"
      ]
    },
    "@std/bytes@1.0.2": {
      "integrity": "fbdee322bbd8c599a6af186a1603b3355e59a5fb1baa139f8f4c3c9a1b3e3d57"
    },
    "@std/csv@1.0.3": {
      "integrity": "623acf0dcb88d62ba727c3611ad005df7f109ede8cac833e3986f540744562e5",
      "dependencies": [
        "jsr:@std/streams"
      ]
    },
    "@std/internal@1.0.4": {
      "integrity": "62e8e4911527e5e4f307741a795c0b0a9e6958d0b3790716ae71ce085f755422"
    },
    "@std/streams@1.0.6": {
      "integrity": "022ed94e380d06b4d91c49eb70241b7289ab78b8c2b4c4bbb7eb265e4997c25c",
      "dependencies": [
        "jsr:@std/bytes"
      ]
    }
  },
  "remote": {
    "https://esm.sh/@faker-js/faker@v9.0.3": "1057cca988265cc8535379c83f2a03edd00e25ef6671832ba5bcbce030d52fcb",
    "https://esm.sh/v135/@faker-js/faker@9.0.3/denonext/faker.mjs": "347d03a831b8bd704009635cf5b5678653a552b62c9f5b347b4113f1fcce2781"
  },
  "workspace": {
    "dependencies": [
      "jsr:@std/assert@1"
    ]
  }
}
